{
  "name": "electron-notification-state",
  "version": "1.0.0",
  "lockfileVersion": 2,
  "requires": true,
  "packages": {
    "": {
      "name": "electron-notification-state",
      "version": "1.0.0",
      "license": "MIT",
      "dependencies": {
        "macos-notification-state": "^2.0.1",
        "windows-notification-state": "^1.3.4",
        "windows-quiet-hours": "^2.0.0"
      },
      "devDependencies": {
        "@types/node": "^18.0.0"
      }
    },
    "node_modules/@types/node": {
      "version": "18.0.0",
      "resolved": "https://registry.npmjs.org/@types/node/-/node-18.0.0.tgz",
      "integrity": "sha512-cHlGmko4gWLVI27cGJntjs/Sj8th9aYwplmZFwmmgYQQvL5NUsgVJG7OddLvNfLqYS31KFN0s3qlaD9qCaxACA==",
      "dev": true
    },
    "node_modules/bindings": {
      "version": "1.5.0",
      "resolved": "https://registry.npmjs.org/bindings/-/bindings-1.5.0.tgz",
      "integrity": "sha512-p2q/t/mhvuOj/UeLlV6566GD/guowlr0hHxClI0W9m7MWYkL1F0hLo+0Aexs9HSPCtR1SXQ0TD3MMKrXZajbiQ==",
      "dependencies": {
        "file-uri-to-path": "1.0.0"
      }
    },
    "node_modules/file-uri-to-path": {
      "version": "1.0.0",
      "resolved": "https://registry.npmjs.org/file-uri-to-path/-/file-uri-to-path-1.0.0.tgz",
      "integrity": "sha512-0Zt+s3L7Vf1biwWZ29aARiVYLx7iMGnEUl9x33fbB/j3jR81u/O2LbqK+Bm1CDSNDKVtJ/YjwY7TUd5SkeLQLw=="
    },
    "node_modules/macos-notification-state": {
      "version": "2.0.1",
      "resolved": "https://registry.npmjs.org/macos-notification-state/-/macos-notification-state-2.0.1.tgz",
      "integrity": "sha512-FBaaSdqws2R6RCqIq9CqG+QnZicJu00vayc88LM+iII4P72b1bXeGdZpxgXeIeKzwdlP0xHsq1PfOImJH3GOAg==",
      "hasInstallScript": true,
      "dependencies": {
        "bindings": "^1.5.0"
      }
    },
    "node_modules/nan": {
      "version": "2.16.0",
      "resolved": "https://registry.npmjs.org/nan/-/nan-2.16.0.tgz",
      "integrity": "sha512-UdAqHyFngu7TfQKsCBgAA6pWDkT8MAO7d0jyOecVhN5354xbLqdn8mV9Tat9gepAupm0bt2DbeaSC8vS52MuFA=="
    },
    "node_modules/node-addon-api": {
      "version": "5.0.0",
      "resolved": "https://registry.npmjs.org/node-addon-api/-/node-addon-api-5.0.0.tgz",
      "integrity": "sha512-CvkDw2OEnme7ybCykJpVcKH+uAOLV2qLqiyla128dN9TkEWfrYmxG6C2boDe5KcNQqZF3orkqzGgOMvZ/JNekA=="
    },
    "node_modules/windows-notification-state": {
      "version": "1.3.4",
      "resolved": "https://registry.npmjs.org/windows-notification-state/-/windows-notification-state-1.3.4.tgz",
      "integrity": "sha512-Z2n6YLARi14AGqaY5zAlMnhButzjRjlQui0k73nXe4tVRg2U918zLeC3ZxM/i4JKho/GqV85rgQsMfLWnbTUCA==",
      "hasInstallScript": true,
      "dependencies": {
        "bindings": "^1.5.0",
        "nan": "^2.14.0"
      }
    },
    "node_modules/windows-quiet-hours": {
      "version": "2.0.0",
      "resolved": "https://registry.npmjs.org/windows-quiet-hours/-/windows-quiet-hours-2.0.0.tgz",
      "integrity": "sha512-ANHLNqcsaA0w6iRkKbN5iYu0kNq5ByPAOxBsFzIUi6efdmCDskum8XnsRBnK/ASzPsjfEJUXttbQ75lJjTF8vA==",
      "hasInstallScript": true,
      "dependencies": {
        "bindings": "^1.5.0",
        "node-addon-api": "*"
      }
    }
  },
  "dependencies": {
    "@types/node": {
      "version": "18.0.0",
      "resolved": "https://registry.npmjs.org/@types/node/-/node-18.0.0.tgz",
      "integrity": "sha512-cHlGmko4gWLVI27cGJntjs/Sj8th9aYwplmZFwmmgYQQvL5NUsgVJG7OddLvNfLqYS31KFN0s3qlaD9qCaxACA==",
      "dev": true
    },
    "bindings": {
      "version": "1.5.0",
      "resolved": "https://registry.npmjs.org/bindings/-/bindings-1.5.0.tgz",
      "integrity": "sha512-p2q/t/mhvuOj/UeLlV6566GD/guowlr0hHxClI0W9m7MWYkL1F0hLo+0Aexs9HSPCtR1SXQ0TD3MMKrXZajbiQ==",
      "requires": {
        "file-uri-to-path": "1.0.0"
      }
    },
    "file-uri-to-path": {
      "version": "1.0.0",
      "resolved": "https://registry.npmjs.org/file-uri-to-path/-/file-uri-to-path-1.0.0.tgz",
      "integrity": "sha512-0Zt+s3L7Vf1biwWZ29aARiVYLx7iMGnEUl9x33fbB/j3jR81u/O2LbqK+Bm1CDSNDKVtJ/YjwY7TUd5SkeLQLw=="
    },
    "macos-notification-state": {
      "version": "2.0.1",
      "resolved": "https://registry.npmjs.org/macos-notification-state/-/macos-notification-state-2.0.1.tgz",
      "integrity": "sha512-FBaaSdqws2R6RCqIq9CqG+QnZicJu00vayc88LM+iII4P72b1bXeGdZpxgXeIeKzwdlP0xHsq1PfOImJH3GOAg==",
      "requires": {
        "bindings": "^1.5.0"
      }
    },
    "nan": {
      "version": "2.16.0",
      "resolved": "https://registry.npmjs.org/nan/-/nan-2.16.0.tgz",
      "integrity": "sha512-UdAqHyFngu7TfQKsCBgAA6pWDkT8MAO7d0jyOecVhN5354xbLqdn8mV9Tat9gepAupm0bt2DbeaSC8vS52MuFA=="
    },
    "node-addon-api": {
      "version": "5.0.0",
      "resolved": "https://registry.npmjs.org/node-addon-api/-/node-addon-api-5.0.0.tgz",
      "integrity": "sha512-CvkDw2OEnme7ybCykJpVcKH+uAOLV2qLqiyla128dN9TkEWfrYmxG6C2boDe5KcNQqZF3orkqzGgOMvZ/JNekA=="
    },
    "windows-notification-state": {
      "version": "1.3.4",
      "resolved": "https://registry.npmjs.org/windows-notification-state/-/windows-notification-state-1.3.4.tgz",
      "integrity": "sha512-Z2n6YLARi14AGqaY5zAlMnhButzjRjlQui0k73nXe4tVRg2U918zLeC3ZxM/i4JKho/GqV85rgQsMfLWnbTUCA==",
      "requires": {
        "bindings": "^1.5.0",
        "nan": "^2.14.0"
      }
    },
    "windows-quiet-hours": {
      "version": "2.0.0",
      "resolved": "https://registry.npmjs.org/windows-quiet-hours/-/windows-quiet-hours-2.0.0.tgz",
      "integrity": "sha512-ANHLNqcsaA0w6iRkKbN5iYu0kNq5ByPAOxBsFzIUi6efdmCDskum8XnsRBnK/ASzPsjfEJUXttbQ75lJjTF8vA==",
      "requires": {
        "bindings": "^1.5.0",
        "node-addon-api": "*"
      }
    }
  }
}
